
Microsoft Visual Studio Solution File, Format Version 12.00
# Visual Studio Version 16
VisualStudioVersion = 16.0.30011.22
MinimumVisualStudioVersion = 10.0.40219.1
Project("{FAE04EC0-301F-11D3-BF4B-00C04F79EFBC}") = "ASP.NET Core", "ASP.NET Core\ASP.NET Core.csproj", "{EB800CEA-99DE-4464-B751-645D6B35B5B4}"
EndProject
Global
	GlobalSection(SolutionConfigurationPlatforms) = preSolution
		Debug|Any CPU = Debug|Any CPU
		Release|Any CPU = Release|Any CPU
	EndGlobalSection
	GlobalSection(ProjectConfigurationPlatforms) = postSolution
		{EB800CEA-99DE-4464-B751-645D6B35B5B4}.Debug|Any CPU.ActiveCfg = Debug|Any CPU
		{EB800CEA-99DE-4464-B751-645D6B35B5B4}.Debug|Any CPU.Build.0 = Debug|Any CPU
		{EB800CEA-99DE-4464-B751-645D6B35B5B4}.Release|Any CPU.ActiveCfg = Release|Any CPU
		{EB800CEA-99DE-4464-B751-645D6B35B5B4}.Release|Any CPU.Build.0 = Release|Any CPU
	EndGlobalSection
	GlobalSection(SolutionProperties) = preSolution
		HideSolutionNode = FALSE
	EndGlobalSection
	GlobalSection(ExtensibilityGlobals) = postSolution
		SolutionGuid = {33978DEB-1547-43B8-A1FE-DD2F54B3B1E9}
	EndGlobalSection
EndGlobal
